
Microsoft Visual Studio Solution File, Format Version 12.00
# Visual Studio Version 17
VisualStudioVersion = 17.9.34701.34
MinimumVisualStudioVersion = 10.0.40219.1
Project("{9A19103F-16F7-4668-BE54-9A1E7A4F7556}") = "authorizedBasedProject", "authorizedBasedProject\authorizedBasedProject.csproj", "{C0C6AE98-853E-4E19-BDDF-70F5B5E4CDDD}"
EndProject
Project("{9A19103F-16F7-4668-BE54-9A1E7A4F7556}") = "Domain", "Domain\Domain.csproj", "{E896B6DA-3063-4DC6-A146-8F04CA17D3FC}"
EndProject
Project("{9A19103F-16F7-4668-BE54-9A1E7A4F7556}") = "UseCases", "UseCases\UseCases.csproj", "{6560163E-6CDC-4D47-848C-082DC59DA0EB}"
EndProject
Project("{9A19103F-16F7-4668-BE54-9A1E7A4F7556}") = "Infrastructure", "Infrastructure\Infrastructure.csproj", "{E239FF10-9CF4-4729-9741-0D75E43FB239}"
EndProject
Project("{E53339B2-1760-4266-BCC7-CA923CBCF16C}") = "docker-compose", "docker-compose.dcproj", "{13B0CBFD-A8D8-471E-8F75-F17F6F01FBCA}"
EndProject
Global
	GlobalSection(SolutionConfigurationPlatforms) = preSolution
		Debug|Any CPU = Debug|Any CPU
		Release|Any CPU = Release|Any CPU
	EndGlobalSection
	GlobalSection(ProjectConfigurationPlatforms) = postSolution
		{C0C6AE98-853E-4E19-BDDF-70F5B5E4CDDD}.Debug|Any CPU.ActiveCfg = Debug|Any CPU
		{C0C6AE98-853E-4E19-BDDF-70F5B5E4CDDD}.Debug|Any CPU.Build.0 = Debug|Any CPU
		{C0C6AE98-853E-4E19-BDDF-70F5B5E4CDDD}.Release|Any CPU.ActiveCfg = Release|Any CPU
		{C0C6AE98-853E-4E19-BDDF-70F5B5E4CDDD}.Release|Any CPU.Build.0 = Release|Any CPU
		{E896B6DA-3063-4DC6-A146-8F04CA17D3FC}.Debug|Any CPU.ActiveCfg = Debug|Any CPU
		{E896B6DA-3063-4DC6-A146-8F04CA17D3FC}.Debug|Any CPU.Build.0 = Debug|Any CPU
		{E896B6DA-3063-4DC6-A146-8F04CA17D3FC}.Release|Any CPU.ActiveCfg = Release|Any CPU
		{E896B6DA-3063-4DC6-A146-8F04CA17D3FC}.Release|Any CPU.Build.0 = Release|Any CPU
		{6560163E-6CDC-4D47-848C-082DC59DA0EB}.Debug|Any CPU.ActiveCfg = Debug|Any CPU
		{6560163E-6CDC-4D47-848C-082DC59DA0EB}.Debug|Any CPU.Build.0 = Debug|Any CPU
		{6560163E-6CDC-4D47-848C-082DC59DA0EB}.Release|Any CPU.ActiveCfg = Release|Any CPU
		{6560163E-6CDC-4D47-848C-082DC59DA0EB}.Release|Any CPU.Build.0 = Release|Any CPU
		{E239FF10-9CF4-4729-9741-0D75E43FB239}.Debug|Any CPU.ActiveCfg = Debug|Any CPU
		{E239FF10-9CF4-4729-9741-0D75E43FB239}.Debug|Any CPU.Build.0 = Debug|Any CPU
		{E239FF10-9CF4-4729-9741-0D75E43FB239}.Release|Any CPU.ActiveCfg = Release|Any CPU
		{E239FF10-9CF4-4729-9741-0D75E43FB239}.Release|Any CPU.Build.0 = Release|Any CPU
		{13B0CBFD-A8D8-471E-8F75-F17F6F01FBCA}.Debug|Any CPU.ActiveCfg = Debug|Any CPU
		{13B0CBFD-A8D8-471E-8F75-F17F6F01FBCA}.Debug|Any CPU.Build.0 = Debug|Any CPU
		{13B0CBFD-A8D8-471E-8F75-F17F6F01FBCA}.Release|Any CPU.ActiveCfg = Release|Any CPU
		{13B0CBFD-A8D8-471E-8F75-F17F6F01FBCA}.Release|Any CPU.Build.0 = Release|Any CPU
	EndGlobalSection
	GlobalSection(SolutionProperties) = preSolution
		HideSolutionNode = FALSE
	EndGlobalSection
	GlobalSection(ExtensibilityGlobals) = postSolution
		SolutionGuid = {63E7DD22-D2B8-48F4-9667-0DE57F00A686}
	EndGlobalSection
EndGlobal
